
Microsoft Visual Studio Solution File, Format Version 12.00
# Visual Studio Version 17
VisualStudioVersion = 17.10.35013.160
MinimumVisualStudioVersion = 10.0.40219.1
Project("{FAE04EC0-301F-11D3-BF4B-00C04F79EFBC}") = "ServiceUtilities", "ServiceUtilities\ServiceUtilities.csproj", "{DAE83782-D234-4912-B6C2-F4E436303E94}"
EndProject
Project("{FAE04EC0-301F-11D3-BF4B-00C04F79EFBC}") = "ServiceUtilitiesTests", "ServiceUtilitiesTests\ServiceUtilitiesTests.csproj", "{68EEEFD3-1F33-472E-A2DA-706E8459F581}"
EndProject
Global
	GlobalSection(SolutionConfigurationPlatforms) = preSolution
		Debug|Any CPU = Debug|Any CPU
		Release|Any CPU = Release|Any CPU
	EndGlobalSection
	GlobalSection(ProjectConfigurationPlatforms) = postSolution
		{DAE83782-D234-4912-B6C2-F4E436303E94}.Debug|Any CPU.ActiveCfg = Debug|Any CPU
		{DAE83782-D234-4912-B6C2-F4E436303E94}.Debug|Any CPU.Build.0 = Debug|Any CPU
		{DAE83782-D234-4912-B6C2-F4E436303E94}.Release|Any CPU.ActiveCfg = Release|Any CPU
		{DAE83782-D234-4912-B6C2-F4E436303E94}.Release|Any CPU.Build.0 = Release|Any CPU
		{68EEEFD3-1F33-472E-A2DA-706E8459F581}.Debug|Any CPU.ActiveCfg = Debug|Any CPU
		{68EEEFD3-1F33-472E-A2DA-706E8459F581}.Debug|Any CPU.Build.0 = Debug|Any CPU
		{68EEEFD3-1F33-472E-A2DA-706E8459F581}.Release|Any CPU.ActiveCfg = Release|Any CPU
		{68EEEFD3-1F33-472E-A2DA-706E8459F581}.Release|Any CPU.Build.0 = Release|Any CPU
	EndGlobalSection
	GlobalSection(SolutionProperties) = preSolution
		HideSolutionNode = FALSE
	EndGlobalSection
	GlobalSection(ExtensibilityGlobals) = postSolution
		SolutionGuid = {BF1E5780-7566-4585-965D-FBB8706F6D95}
	EndGlobalSection
EndGlobal
